
Microsoft Visual Studio Solution File, Format Version 12.00
# Visual Studio Version 16
VisualStudioVersion = 16.0.29403.142
MinimumVisualStudioVersion = 10.0.40219.1
Project("{FAE04EC0-301F-11D3-BF4B-00C04F79EFBC}") = "AdvertAPI", "AdvertAPI.csproj", "{8C6731FF-A9DA-4B56-ABC9-DADB7958B113}"
EndProject
Project("{FAE04EC0-301F-11D3-BF4B-00C04F79EFBC}") = "AdvertAPI.Models", "..\AdvertAPI.Models\AdvertAPI.Models.csproj", "{32B61D1A-7FAB-4731-ADD4-94C9821C0C7C}"
EndProject
Global
	GlobalSection(SolutionConfigurationPlatforms) = preSolution
		Debug|Any CPU = Debug|Any CPU
		Release|Any CPU = Release|Any CPU
	EndGlobalSection
	GlobalSection(ProjectConfigurationPlatforms) = postSolution
		{8C6731FF-A9DA-4B56-ABC9-DADB7958B113}.Debug|Any CPU.ActiveCfg = Debug|Any CPU
		{8C6731FF-A9DA-4B56-ABC9-DADB7958B113}.Debug|Any CPU.Build.0 = Debug|Any CPU
		{8C6731FF-A9DA-4B56-ABC9-DADB7958B113}.Release|Any CPU.ActiveCfg = Release|Any CPU
		{8C6731FF-A9DA-4B56-ABC9-DADB7958B113}.Release|Any CPU.Build.0 = Release|Any CPU
		{32B61D1A-7FAB-4731-ADD4-94C9821C0C7C}.Debug|Any CPU.ActiveCfg = Debug|Any CPU
		{32B61D1A-7FAB-4731-ADD4-94C9821C0C7C}.Debug|Any CPU.Build.0 = Debug|Any CPU
		{32B61D1A-7FAB-4731-ADD4-94C9821C0C7C}.Release|Any CPU.ActiveCfg = Release|Any CPU
		{32B61D1A-7FAB-4731-ADD4-94C9821C0C7C}.Release|Any CPU.Build.0 = Release|Any CPU
	EndGlobalSection
	GlobalSection(SolutionProperties) = preSolution
		HideSolutionNode = FALSE
	EndGlobalSection
	GlobalSection(ExtensibilityGlobals) = postSolution
		SolutionGuid = {ADD83660-8CC7-4D39-B8CF-4579B2A4D47D}
	EndGlobalSection
EndGlobal
